// !$*UTF8*$!
{
	archiveVersion = 1;
	classes = {
	};
	objectVersion = 50;
	objects = {

/* Begin PBXBuildFile section */
		06A3C6762099C90BA6C75AC4 /* Pods_jecar.framework in Frameworks */ = {isa = PBXBuildFile; fileRef = 66F1D65A4E77862D68FA4D55 /* Pods_jecar.framework */; };
		3B1640C725F7361A00116747 /* AppDelegate.swift in Sources */ = {isa = PBXBuildFile; fileRef = 3B1640C625F7361A00116747 /* AppDelegate.swift */; };
		3B1640C925F7361A00116747 /* SceneDelegate.swift in Sources */ = {isa = PBXBuildFile; fileRef = 3B1640C825F7361A00116747 /* SceneDelegate.swift */; };
		3B1640CB25F7361A00116747 /* ViewController.swift in Sources */ = {isa = PBXBuildFile; fileRef = 3B1640CA25F7361A00116747 /* ViewController.swift */; };
		3B1640CE25F7361A00116747 /* Main.storyboard in Resources */ = {isa = PBXBuildFile; fileRef = 3B1640CC25F7361A00116747 /* Main.storyboard */; };
		3B1640D025F7362000116747 /* Assets.xcassets in Resources */ = {isa = PBXBuildFile; fileRef = 3B1640CF25F7362000116747 /* Assets.xcassets */; };
		3B1640D325F7362000116747 /* LaunchScreen.storyboard in Resources */ = {isa = PBXBuildFile; fileRef = 3B1640D125F7362000116747 /* LaunchScreen.storyboard */; };
/* End PBXBuildFile section */

/* Begin PBXFileReference section */
		3B1640C325F7361A00116747 /* jecar.app */ = {isa = PBXFileReference; explicitFileType = wrapper.application; includeInIndex = 0; path = jecar.app; sourceTree = BUILT_PRODUCTS_DIR; };
		3B1640C625F7361A00116747 /* AppDelegate.swift */ = {isa = PBXFileReference; lastKnownFileType = sourcecode.swift; path = AppDelegate.swift; sourceTree = "<group>"; };
		3B1640C825F7361A00116747 /* SceneDelegate.swift */ = {isa = PBXFileReference; lastKnownFileType = sourcecode.swift; path = SceneDelegate.swift; sourceTree = "<group>"; };
		3B1640CA25F7361A00116747 /* ViewController.swift */ = {isa = PBXFileReference; lastKnownFileType = sourcecode.swift; path = ViewController.swift; sourceTree = "<group>"; };
		3B1640CD25F7361A00116747 /* Base */ = {isa = PBXFileReference; lastKnownFileType = file.storyboard; name = Base; path = Base.lproj/Main.storyboard; sourceTree = "<group>"; };
		3B1640CF25F7362000116747 /* Assets.xcassets */ = {isa = PBXFileReference; lastKnownFileType = folder.assetcatalog; path = Assets.xcassets; sourceTree = "<group>"; };
		3B1640D225F7362000116747 /* Base */ = {isa = PBXFileReference; lastKnownFileType = file.storyboard; name = Base; path = Base.lproj/LaunchScreen.storyboard; sourceTree = "<group>"; };
		3B1640D425F7362000116747 /* Info.plist */ = {isa = PBXFileReference; lastKnownFileType = text.plist.xml; path = Info.plist; sourceTree = "<group>"; };
		66F1D65A4E77862D68FA4D55 /* Pods_jecar.framework */ = {isa = PBXFileReference; explicitFileType = wrapper.framework; includeInIndex = 0; path = Pods_jecar.framework; sourceTree = BUILT_PRODUCTS_DIR; };
		99D373A2C1F937450767F75B /* Pods-jecar.release.xcconfig */ = {isa = PBXFileReference; includeInIndex = 1; lastKnownFileType = text.xcconfig; name = "Pods-jecar.release.xcconfig"; path = "Target Support Files/Pods-jecar/Pods-jecar.release.xcconfig"; sourceTree = "<group>"; };
		BBF73B6BE50FB9EE9E41A123 /* Pods-jecar.debug.xcconfig */ = {isa = PBXFileReference; includeInIndex = 1; lastKnownFileType = text.xcconfig; name = "Pods-jecar.debug.xcconfig"; path = "Target Support Files/Pods-jecar/Pods-jecar.debug.xcconfig"; sourceTree = "<group>"; };
/* End PBXFileReference section */

/* Begin PBXFrameworksBuildPhase section */
		3B1640C025F7361A00116747 /* Frameworks */ = {
			isa = PBXFrameworksBuildPhase;
			buildActionMask = 2147483647;
			files = (
				06A3C6762099C90BA6C75AC4 /* Pods_jecar.framework in Frameworks */,
			);
			runOnlyForDeploymentPostprocessing = 0;
		};
/* End PBXFrameworksBuildPhase section */

/* Begin PBXGroup section */
		3B1640BA25F7361A00116747 = {
			isa = PBXGroup;
			children = (
				3B1640C525F7361A00116747 /* jecar */,
				3B1640C425F7361A00116747 /* Products */,
				D2A7E3AB2B927909B9779A13 /* Pods */,
				99FF504B70401160EF48B619 /* Frameworks */,
			);
			sourceTree = "<group>";
		};
		3B1640C425F7361A00116747 /* Products */ = {
			isa = PBXGroup;
			children = (
				3B1640C325F7361A00116747 /* jecar.app */,
			);
			name = Products;
			sourceTree = "<group>";
		};
		3B1640C525F7361A00116747 /* jecar */ = {
			isa = PBXGroup;
			children = (
				3B1640C625F7361A00116747 /* AppDelegate.swift */,
				3B1640C825F7361A00116747 /* SceneDelegate.swift */,
				3B1640CA25F7361A00116747 /* ViewController.swift */,
				3B1640CC25F7361A00116747 /* Main.storyboard */,
				3B1640CF25F7362000116747 /* Assets.xcassets */,
				3B1640D125F7362000116747 /* LaunchScreen.storyboard */,
				3B1640D425F7362000116747 /* Info.plist */,
			);
			path = jecar;
			sourceTree = "<group>";
		};
		99FF504B70401160EF48B619 /* Frameworks */ = {
			isa = PBXGroup;
			children = (
				66F1D65A4E77862D68FA4D55 /* Pods_jecar.framework */,
			);
			name = Frameworks;
			sourceTree = "<group>";
		};
		D2A7E3AB2B927909B9779A13 /* Pods */ = {
			isa = PBXGroup;
			children = (
				BBF73B6BE50FB9EE9E41A123 /* Pods-jecar.debug.xcconfig */,
				99D373A2C1F937450767F75B /* Pods-jecar.release.xcconfig */,
			);
			name = Pods;
			path = Pods;
			sourceTree = "<group>";
		};
/* End PBXGroup section */

/* Begin PBXNativeTarget section */
		3B1640C225F7361A00116747 /* jecar */ = {
			isa = PBXNativeTarget;
			buildConfigurationList = 3B1640D725F7362000116747 /* Build configuration list for PBXNativeTarget "jecar" */;
			buildPhases = (
				9055F5B9A81CE243DF4F5962 /* [CP] Check Pods Manifest.lock */,
				3B1640BF25F7361A00116747 /* Sources */,
				3B1640C025F7361A00116747 /* Frameworks */,
				3B1640C125F7361A00116747 /* Resources */,
				09DC4F60585FF81AAA7D639E /* [CP] Embed Pods Frameworks */,
			);
			buildRules = (
			);
			dependencies = (
			);
			name = jecar;
			productName = jecar;
			productReference = 3B1640C325F7361A00116747 /* jecar.app */;
			productType = "com.apple.product-type.application";
		};
/* End PBXNativeTarget section */

/* Begin PBXProject section */
		3B1640BB25F7361A00116747 /* Project object */ = {
			isa = PBXProject;
			attributes = {
				LastSwiftUpdateCheck = 1160;
				LastUpgradeCheck = 1160;
				ORGANIZATIONNAME = "Kim SuJin";
				TargetAttributes = {
					3B1640C225F7361A00116747 = {
						CreatedOnToolsVersion = 11.6;
					};
				};
			};
			buildConfigurationList = 3B1640BE25F7361A00116747 /* Build configuration list for PBXProject "jecar" */;
			compatibilityVersion = "Xcode 9.3";
			developmentRegion = en;
			hasScannedForEncodings = 0;
			knownRegions = (
				en,
				Base,
			);
			mainGroup = 3B1640BA25F7361A00116747;
			productRefGroup = 3B1640C425F7361A00116747 /* Products */;
			projectDirPath = "";
			projectRoot = "";
			targets = (
				3B1640C225F7361A00116747 /* jecar */,
			);
		};
/* End PBXProject section */

/* Begin PBXResourcesBuildPhase section */
		3B1640C125F7361A00116747 /* Resources */ = {
			isa = PBXResourcesBuildPhase;
			buildActionMask = 2147483647;
			files = (
				3B1640D325F7362000116747 /* LaunchScreen.storyboard in Resources */,
				3B1640D025F7362000116747 /* Assets.xcassets in Resources */,
				3B1640CE25F7361A00116747 /* Main.storyboard in Resources */,
			);
			runOnlyForDeploymentPostprocessing = 0;
		};
/* End PBXResourcesBuildPhase section */

/* Begin PBXShellScriptBuildPhase section */
		09DC4F60585FF81AAA7D639E /* [CP] Embed Pods Frameworks */ = {
			isa = PBXShellScriptBuildPhase;
			buildActionMask = 2147483647;
			files = (
			);
			inputFileListPaths = (
				"${PODS_ROOT}/Target Support Files/Pods-jecar/Pods-jecar-frameworks-${CONFIGURATION}-input-files.xcfilelist",
			);
			name = "[CP] Embed Pods Frameworks";
			outputFileListPaths = (
				"${PODS_ROOT}/Target Support Files/Pods-jecar/Pods-jecar-frameworks-${CONFIGURATION}-output-files.xcfilelist",
			);
			runOnlyForDeploymentPostprocessing = 0;
			shellPath = /bin/sh;
			shellScript = "\"${PODS_ROOT}/Target Support Files/Pods-jecar/Pods-jecar-frameworks.sh\"\n";
			showEnvVarsInLog = 0;
		};
		9055F5B9A81CE243DF4F5962 /* [CP] Check Pods Manifest.lock */ = {
			isa = PBXShellScriptBuildPhase;
			buildActionMask = 2147483647;
			files = (
			);
			inputFileListPaths = (
			);
			inputPaths = (
				"${PODS_PODFILE_DIR_PATH}/Podfile.lock",
				"${PODS_ROOT}/Manifest.lock",
			);
			name = "[CP] Check Pods Manifest.lock";
			outputFileListPaths = (
			);
			outputPaths = (
				"$(DERIVED_FILE_DIR)/Pods-jecar-checkManifestLockResult.txt",
			);
			runOnlyForDeploymentPostprocessing = 0;
			shellPath = /bin/sh;
			shellScript = "diff \"${PODS_PODFILE_DIR_PATH}/Podfile.lock\" \"${PODS_ROOT}/Manifest.lock\" > /dev/null\nif [ $? != 0 ] ; then\n    # print error to STDERR\n    echo \"error: The sandbox is not in sync with the Podfile.lock. Run 'pod install' or update your CocoaPods installation.\" >&2\n    exit 1\nfi\n# This output is used by Xcode 'outputs' to avoid re-running this script phase.\necho \"SUCCESS\" > \"${SCRIPT_OUTPUT_FILE_0}\"\n";
			showEnvVarsInLog = 0;
		};
/* End PBXShellScriptBuildPhase section */

/* Begin PBXSourcesBuildPhase section */
		3B1640BF25F7361A00116747 /* Sources */ = {
			isa = PBXSourcesBuildPhase;
			buildActionMask = 2147483647;
			files = (
				3B1640CB25F7361A00116747 /* ViewController.swift in Sources */,
				3B1640C725F7361A00116747 /* AppDelegate.swift in Sources */,
				3B1640C925F7361A00116747 /* SceneDelegate.swift in Sources */,
			);
			runOnlyForDeploymentPostprocessing = 0;
		};
/* End PBXSourcesBuildPhase section */

/* Begin PBXVariantGroup section */
		3B1640CC25F7361A00116747 /* Main.storyboard */ = {
			isa = PBXVariantGroup;
			children = (
				3B1640CD25F7361A00116747 /* Base */,
			);
			name = Main.storyboard;
			sourceTree = "<group>";
		};
		3B1640D125F7362000116747 /* LaunchScreen.storyboard */ = {
			isa = PBXVariantGroup;
			children = (
				3B1640D225F7362000116747 /* Base */,
			);
			name = LaunchScreen.storyboard;
			sourceTree = "<group>";
		};
/* End PBXVariantGroup section */

/* Begin XCBuildConfiguration section */
		3B1640D525F7362000116747 /* Debug */ = {
			isa = XCBuildConfiguration;
			buildSettings = {
				ALWAYS_SEARCH_USER_PATHS = NO;
				CLANG_ANALYZER_NONNULL = YES;
				CLANG_ANALYZER_NUMBER_OBJECT_CONVERSION = YES_AGGRESSIVE;
				CLANG_CXX_LANGUAGE_STANDARD = "gnu++14";
				CLANG_CXX_LIBRARY = "libc++";
				CLANG_ENABLE_MODULES = YES;
				CLANG_ENABLE_OBJC_ARC = YES;
				CLANG_ENABLE_OBJC_WEAK = YES;
				CLANG_WARN_BLOCK_CAPTURE_AUTORELEASING = YES;
				CLANG_WARN_BOOL_CONVERSION = YES;
				CLANG_WARN_COMMA = YES;
				CLANG_WARN_CONSTANT_CONVERSION = YES;
				CLANG_WARN_DEPRECATED_OBJC_IMPLEMENTATIONS = YES;
				CLANG_WARN_DIRECT_OBJC_ISA_USAGE = YES_ERROR;
				CLANG_WARN_DOCUMENTATION_COMMENTS = YES;
				CLANG_WARN_EMPTY_BODY = YES;
				CLANG_WARN_ENUM_CONVERSION = YES;
				CLANG_WARN_INFINITE_RECURSION = YES;
				CLANG_WARN_INT_CONVERSION = YES;
				CLANG_WARN_NON_LITERAL_NULL_CONVERSION = YES;
				CLANG_WARN_OBJC_IMPLICIT_RETAIN_SELF = YES;
				CLANG_WARN_OBJC_LITERAL_CONVERSION = YES;
				CLANG_WARN_OBJC_ROOT_CLASS = YES_ERROR;
				CLANG_WARN_RANGE_LOOP_ANALYSIS = YES;
				CLANG_WARN_STRICT_PROTOTYPES = YES;
				CLANG_WARN_SUSPICIOUS_MOVE = YES;
				CLANG_WARN_UNGUARDED_AVAILABILITY = YES_AGGRESSIVE;
				CLANG_WARN_UNREACHABLE_CODE = YES;
				CLANG_WARN__DUPLICATE_METHOD_MATCH = YES;
				COPY_PHASE_STRIP = NO;
				DEBUG_INFORMATION_FORMAT = dwarf;
				ENABLE_STRICT_OBJC_MSGSEND = YES;
				ENABLE_TESTABILITY = YES;
				GCC_C_LANGUAGE_STANDARD = gnu11;
				GCC_DYNAMIC_NO_PIC = NO;
				GCC_NO_COMMON_BLOCKS = YES;
				GCC_OPTIMIZATION_LEVEL = 0;
				GCC_PREPROCESSOR_DEFINITIONS = (
					"DEBUG=1",
					"$(inherited)",
				);
				GCC_WARN_64_TO_32_BIT_CONVERSION = YES;
				GCC_WARN_ABOUT_RETURN_TYPE = YES_ERROR;
				GCC_WARN_UNDECLARED_SELECTOR = YES;
				GCC_WARN_UNINITIALIZED_AUTOS = YES_AGGRESSIVE;
				GCC_WARN_UNUSED_FUNCTION = YES;
				GCC_WARN_UNUSED_VARIABLE = YES;
				IPHONEOS_DEPLOYMENT_TARGET = 13.6;
				MTL_ENABLE_DEBUG_INFO = INCLUDE_SOURCE;
				MTL_FAST_MATH = YES;
				ONLY_ACTIVE_ARCH = YES;
				SDKROOT = iphoneos;
				SWIFT_ACTIVE_COMPILATION_CONDITIONS = DEBUG;
				SWIFT_OPTIMIZATION_LEVEL = "-Onone";
			};
			name = Debug;
		};
		3B1640D625F7362000116747 /* Release */ = {
			isa = XCBuildConfiguration;
			buildSettings = {
				ALWAYS_SEARCH_USER_PATHS = NO;
				CLANG_ANALYZER_NONNULL = YES;
				CLANG_ANALYZER_NUMBER_OBJECT_CONVERSION = YES_AGGRESSIVE;
				CLANG_CXX_LANGUAGE_STANDARD = "gnu++14";
				CLANG_CXX_LIBRARY = "libc++";
				CLANG_ENABLE_MODULES = YES;
				CLANG_ENABLE_OBJC_ARC = YES;
				CLANG_ENABLE_OBJC_WEAK = YES;
				CLANG_WARN_BLOCK_CAPTURE_AUTORELEASING = YES;
				CLANG_WARN_BOOL_CONVERSION = YES;
				CLANG_WARN_COMMA = YES;
				CLANG_WARN_CONSTANT_CONVERSION = YES;
				CLANG_WARN_DEPRECATED_OBJC_IMPLEMENTATIONS = YES;
				CLANG_WARN_DIRECT_OBJC_ISA_USAGE = YES_ERROR;
				CLANG_WARN_DOCUMENTATION_COMMENTS = YES;
				CLANG_WARN_EMPTY_BODY = YES;
				CLANG_WARN_ENUM_CONVERSION = YES;
				CLANG_WARN_INFINITE_RECURSION = YES;
				CLANG_WARN_INT_CONVERSION = YES;
				CLANG_WARN_NON_LITERAL_NULL_CONVERSION = YES;
				CLANG_WARN_OBJC_IMPLICIT_RETAIN_SELF = YES;
				CLANG_WARN_OBJC_LITERAL_CONVERSION = YES;
				CLANG_WARN_OBJC_ROOT_CLASS = YES_ERROR;
				CLANG_WARN_RANGE_LOOP_ANALYSIS = YES;
				CLANG_WARN_STRICT_PROTOTYPES = YES;
				CLANG_WARN_SUSPICIOUS_MOVE = YES;
				CLANG_WARN_UNGUARDED_AVAILABILITY = YES_AGGRESSIVE;
				CLANG_WARN_UNREACHABLE_CODE = YES;
				CLANG_WARN__DUPLICATE_METHOD_MATCH = YES;
				COPY_PHASE_STRIP = NO;
				DEBUG_INFORMATION_FORMAT = "dwarf-with-dsym";
				ENABLE_NS_ASSERTIONS = NO;
				ENABLE_STRICT_OBJC_MSGSEND = YES;
				GCC_C_LANGUAGE_STANDARD = gnu11;
				GCC_NO_COMMON_BLOCKS = YES;
				GCC_WARN_64_TO_32_BIT_CONVERSION = YES;
				GCC_WARN_ABOUT_RETURN_TYPE = YES_ERROR;
				GCC_WARN_UNDECLARED_SELECTOR = YES;
				GCC_WARN_UNINITIALIZED_AUTOS = YES_AGGRESSIVE;
				GCC_WARN_UNUSED_FUNCTION = YES;
				GCC_WARN_UNUSED_VARIABLE = YES;
				IPHONEOS_DEPLOYMENT_TARGET = 13.6;
				MTL_ENABLE_DEBUG_INFO = NO;
				MTL_FAST_MATH = YES;
				SDKROOT = iphoneos;
				SWIFT_COMPILATION_MODE = wholemodule;
				SWIFT_OPTIMIZATION_LEVEL = "-O";
				VALIDATE_PRODUCT = YES;
			};
			name = Release;
		};
		3B1640D825F7362000116747 /* Debug */ = {
			isa = XCBuildConfiguration;
			baseConfigurationReference = BBF73B6BE50FB9EE9E41A123 /* Pods-jecar.debug.xcconfig */;
			buildSettings = {
				ASSETCATALOG_COMPILER_APPICON_NAME = AppIcon;
				CODE_SIGN_STYLE = Automatic;
				INFOPLIST_FILE = jecar/Info.plist;
				LD_RUNPATH_SEARCH_PATHS = (
					"$(inherited)",
					"@executable_path/Frameworks",
				);
				PRODUCT_BUNDLE_IDENTIFIER = com.KimSJ.jecar;
				PRODUCT_NAME = "$(TARGET_NAME)";
				SWIFT_VERSION = 5.0;
				TARGETED_DEVICE_FAMILY = "1,2";
			};
			name = Debug;
		};
		3B1640D925F7362000116747 /* Release */ = {
			isa = XCBuildConfiguration;
			baseConfigurationReference = 99D373A2C1F937450767F75B /* Pods-jecar.release.xcconfig */;
			buildSettings = {
				ASSETCATALOG_COMPILER_APPICON_NAME = AppIcon;
				CODE_SIGN_STYLE = Automatic;
				INFOPLIST_FILE = jecar/Info.plist;
				LD_RUNPATH_SEARCH_PATHS = (
					"$(inherited)",
					"@executable_path/Frameworks",
				);
				PRODUCT_BUNDLE_IDENTIFIER = com.KimSJ.jecar;
				PRODUCT_NAME = "$(TARGET_NAME)";
				SWIFT_VERSION = 5.0;
				TARGETED_DEVICE_FAMILY = "1,2";
			};
			name = Release;
		};
/* End XCBuildConfiguration section */

/* Begin XCConfigurationList section */
		3B1640BE25F7361A00116747 /* Build configuration list for PBXProject "jecar" */ = {
			isa = XCConfigurationList;
			buildConfigurations = (
				3B1640D525F7362000116747 /* Debug */,
				3B1640D625F7362000116747 /* Release */,
			);
			defaultConfigurationIsVisible = 0;
			defaultConfigurationName = Release;
		};
		3B1640D725F7362000116747 /* Build configuration list for PBXNativeTarget "jecar" */ = {
			isa = XCConfigurationList;
			buildConfigurations = (
				3B1640D825F7362000116747 /* Debug */,
				3B1640D925F7362000116747 /* Release */,
			);
			defaultConfigurationIsVisible = 0;
			defaultConfigurationName = Release;
		};
/* End XCConfigurationList section */
	};
	rootObject = 3B1640BB25F7361A00116747 /* Project object */;
}
